
Microsoft Visual Studio Solution File, Format Version 12.00
# Visual Studio Version 16
VisualStudioVersion = 16.0.30907.101
MinimumVisualStudioVersion = 10.0.40219.1
Project("{FAE04EC0-301F-11D3-BF4B-00C04F79EFBC}") = "Sample2", "Sample2\Sample2.csproj", "{DC8A4234-5805-4682-A3DF-FE9DC7F6E07B}"
EndProject
Global
	GlobalSection(SolutionConfigurationPlatforms) = preSolution
		Debug|Any CPU = Debug|Any CPU
		Release|Any CPU = Release|Any CPU
	EndGlobalSection
	GlobalSection(ProjectConfigurationPlatforms) = postSolution
		{DC8A4234-5805-4682-A3DF-FE9DC7F6E07B}.Debug|Any CPU.ActiveCfg = Debug|Any CPU
		{DC8A4234-5805-4682-A3DF-FE9DC7F6E07B}.Debug|Any CPU.Build.0 = Debug|Any CPU
		{DC8A4234-5805-4682-A3DF-FE9DC7F6E07B}.Release|Any CPU.ActiveCfg = Release|Any CPU
		{DC8A4234-5805-4682-A3DF-FE9DC7F6E07B}.Release|Any CPU.Build.0 = Release|Any CPU
	EndGlobalSection
	GlobalSection(SolutionProperties) = preSolution
		HideSolutionNode = FALSE
	EndGlobalSection
	GlobalSection(ExtensibilityGlobals) = postSolution
		SolutionGuid = {EF5E72BB-D953-417A-A8E9-9F730410ECE7}
	EndGlobalSection
EndGlobal
